// !$*UTF8*$!
{
	archiveVersion = 1;
	classes = {
	};
	objectVersion = 56;
	objects = {

/* Begin PBXBuildFile section */
		8B6603DA29DD8EAB0072A923 /* AcmeMobile_iOSApp.swift in Sources */ = {isa = PBXBuildFile; fileRef = 8B6603D929DD8EAB0072A923 /* AcmeMobile_iOSApp.swift */; };
		8B6603DC29DD8EAB0072A923 /* ContentView.swift in Sources */ = {isa = PBXBuildFile; fileRef = 8B6603DB29DD8EAB0072A923 /* ContentView.swift */; };
		8B6603DE29DD8EAE0072A923 /* Assets.xcassets in Resources */ = {isa = PBXBuildFile; fileRef = 8B6603DD29DD8EAE0072A923 /* Assets.xcassets */; };
		8B6603E129DD8EAE0072A923 /* Preview Assets.xcassets in Resources */ = {isa = PBXBuildFile; fileRef = 8B6603E029DD8EAE0072A923 /* Preview Assets.xcassets */; };
		8B6603EB29DD8EAF0072A923 /* AcmeMobile_iOSTests.swift in Sources */ = {isa = PBXBuildFile; fileRef = 8B6603EA29DD8EAF0072A923 /* AcmeMobile_iOSTests.swift */; };
		8B6603F529DD8EAF0072A923 /* AcmeMobile_iOSUITests.swift in Sources */ = {isa = PBXBuildFile; fileRef = 8B6603F429DD8EAF0072A923 /* AcmeMobile_iOSUITests.swift */; };
		8B6603F729DD8EAF0072A923 /* AcmeMobile_iOSUITestsLaunchTests.swift in Sources */ = {isa = PBXBuildFile; fileRef = 8B6603F629DD8EAF0072A923 /* AcmeMobile_iOSUITestsLaunchTests.swift */; };
/* End PBXBuildFile section */

/* Begin PBXContainerItemProxy section */
		8B6603E729DD8EAF0072A923 /* PBXContainerItemProxy */ = {
			isa = PBXContainerItemProxy;
			containerPortal = 8B6603CE29DD8EAB0072A923 /* Project object */;
			proxyType = 1;
			remoteGlobalIDString = 8B6603D529DD8EAB0072A923;
			remoteInfo = "AcmeMobile-iOS";
		};
		8B6603F129DD8EAF0072A923 /* PBXContainerItemProxy */ = {
			isa = PBXContainerItemProxy;
			containerPortal = 8B6603CE29DD8EAB0072A923 /* Project object */;
			proxyType = 1;
			remoteGlobalIDString = 8B6603D529DD8EAB0072A923;
			remoteInfo = "AcmeMobile-iOS";
		};
/* End PBXContainerItemProxy section */

/* Begin PBXFileReference section */
		8B6603D629DD8EAB0072A923 /* AcmeMobile-iOS.app */ = {isa = PBXFileReference; explicitFileType = wrapper.application; includeInIndex = 0; path = "AcmeMobile-iOS.app"; sourceTree = BUILT_PRODUCTS_DIR; };
		8B6603D929DD8EAB0072A923 /* AcmeMobile_iOSApp.swift */ = {isa = PBXFileReference; lastKnownFileType = sourcecode.swift; path = AcmeMobile_iOSApp.swift; sourceTree = "<group>"; };
		8B6603DB29DD8EAB0072A923 /* ContentView.swift */ = {isa = PBXFileReference; lastKnownFileType = sourcecode.swift; path = ContentView.swift; sourceTree = "<group>"; };
		8B6603DD29DD8EAE0072A923 /* Assets.xcassets */ = {isa = PBXFileReference; lastKnownFileType = folder.assetcatalog; path = Assets.xcassets; sourceTree = "<group>"; };
		8B6603E029DD8EAE0072A923 /* Preview Assets.xcassets */ = {isa = PBXFileReference; lastKnownFileType = folder.assetcatalog; path = "Preview Assets.xcassets"; sourceTree = "<group>"; };
		8B6603E629DD8EAF0072A923 /* AcmeMobile-iOSTests.xctest */ = {isa = PBXFileReference; explicitFileType = wrapper.cfbundle; includeInIndex = 0; path = "AcmeMobile-iOSTests.xctest"; sourceTree = BUILT_PRODUCTS_DIR; };
		8B6603EA29DD8EAF0072A923 /* AcmeMobile_iOSTests.swift */ = {isa = PBXFileReference; lastKnownFileType = sourcecode.swift; path = AcmeMobile_iOSTests.swift; sourceTree = "<group>"; };
		8B6603F029DD8EAF0072A923 /* AcmeMobile-iOSUITests.xctest */ = {isa = PBXFileReference; explicitFileType = wrapper.cfbundle; includeInIndex = 0; path = "AcmeMobile-iOSUITests.xctest"; sourceTree = BUILT_PRODUCTS_DIR; };
		8B6603F429DD8EAF0072A923 /* AcmeMobile_iOSUITests.swift */ = {isa = PBXFileReference; lastKnownFileType = sourcecode.swift; path = AcmeMobile_iOSUITests.swift; sourceTree = "<group>"; };
		8B6603F629DD8EAF0072A923 /* AcmeMobile_iOSUITestsLaunchTests.swift */ = {isa = PBXFileReference; lastKnownFileType = sourcecode.swift; path = AcmeMobile_iOSUITestsLaunchTests.swift; sourceTree = "<group>"; };
/* End PBXFileReference section */

/* Begin PBXFrameworksBuildPhase section */
		8B6603D329DD8EAB0072A923 /* Frameworks */ = {
			isa = PBXFrameworksBuildPhase;
			buildActionMask = 2147483647;
			files = (
			);
			runOnlyForDeploymentPostprocessing = 0;
		};
		8B6603E329DD8EAF0072A923 /* Frameworks */ = {
			isa = PBXFrameworksBuildPhase;
			buildActionMask = 2147483647;
			files = (
			);
			runOnlyForDeploymentPostprocessing = 0;
		};
		8B6603ED29DD8EAF0072A923 /* Frameworks */ = {
			isa = PBXFrameworksBuildPhase;
			buildActionMask = 2147483647;
			files = (
			);
			runOnlyForDeploymentPostprocessing = 0;
		};
/* End PBXFrameworksBuildPhase section */

/* Begin PBXGroup section */
		8B6603CD29DD8EAB0072A923 = {
			isa = PBXGroup;
			children = (
				8B6603D829DD8EAB0072A923 /* AcmeMobile-iOS */,
				8B6603E929DD8EAF0072A923 /* AcmeMobile-iOSTests */,
				8B6603F329DD8EAF0072A923 /* AcmeMobile-iOSUITests */,
				8B6603D729DD8EAB0072A923 /* Products */,
			);
			sourceTree = "<group>";
		};
		8B6603D729DD8EAB0072A923 /* Products */ = {
			isa = PBXGroup;
			children = (
				8B6603D629DD8EAB0072A923 /* AcmeMobile-iOS.app */,
				8B6603E629DD8EAF0072A923 /* AcmeMobile-iOSTests.xctest */,
				8B6603F029DD8EAF0072A923 /* AcmeMobile-iOSUITests.xctest */,
			);
			name = Products;
			sourceTree = "<group>";
		};
		8B6603D829DD8EAB0072A923 /* AcmeMobile-iOS */ = {
			isa = PBXGroup;
			children = (
				8B6603D929DD8EAB0072A923 /* AcmeMobile_iOSApp.swift */,
				8B6603DB29DD8EAB0072A923 /* ContentView.swift */,
				8B6603DD29DD8EAE0072A923 /* Assets.xcassets */,
				8B6603DF29DD8EAE0072A923 /* Preview Content */,
			);
			path = "AcmeMobile-iOS";
			sourceTree = "<group>";
		};
		8B6603DF29DD8EAE0072A923 /* Preview Content */ = {
			isa = PBXGroup;
			children = (
				8B6603E029DD8EAE0072A923 /* Preview Assets.xcassets */,
			);
			path = "Preview Content";
			sourceTree = "<group>";
		};
		8B6603E929DD8EAF0072A923 /* AcmeMobile-iOSTests */ = {
			isa = PBXGroup;
			children = (
				8B6603EA29DD8EAF0072A923 /* AcmeMobile_iOSTests.swift */,
			);
			path = "AcmeMobile-iOSTests";
			sourceTree = "<group>";
		};
		8B6603F329DD8EAF0072A923 /* AcmeMobile-iOSUITests */ = {
			isa = PBXGroup;
			children = (
				8B6603F429DD8EAF0072A923 /* AcmeMobile_iOSUITests.swift */,
				8B6603F629DD8EAF0072A923 /* AcmeMobile_iOSUITestsLaunchTests.swift */,
			);
			path = "AcmeMobile-iOSUITests";
			sourceTree = "<group>";
		};
/* End PBXGroup section */

/* Begin PBXNativeTarget section */
		8B6603D529DD8EAB0072A923 /* AcmeMobile-iOS */ = {
			isa = PBXNativeTarget;
			buildConfigurationList = 8B6603FA29DD8EAF0072A923 /* Build configuration list for PBXNativeTarget "AcmeMobile-iOS" */;
			buildPhases = (
				8B6603D229DD8EAB0072A923 /* Sources */,
				8B6603D329DD8EAB0072A923 /* Frameworks */,
				8B6603D429DD8EAB0072A923 /* Resources */,
			);
			buildRules = (
			);
			dependencies = (
			);
			name = "AcmeMobile-iOS";
			productName = "AcmeMobile-iOS";
			productReference = 8B6603D629DD8EAB0072A923 /* AcmeMobile-iOS.app */;
			productType = "com.apple.product-type.application";
		};
		8B6603E529DD8EAF0072A923 /* AcmeMobile-iOSTests */ = {
			isa = PBXNativeTarget;
			buildConfigurationList = 8B6603FD29DD8EAF0072A923 /* Build configuration list for PBXNativeTarget "AcmeMobile-iOSTests" */;
			buildPhases = (
				8B6603E229DD8EAF0072A923 /* Sources */,
				8B6603E329DD8EAF0072A923 /* Frameworks */,
				8B6603E429DD8EAF0072A923 /* Resources */,
			);
			buildRules = (
			);
			dependencies = (
				8B6603E829DD8EAF0072A923 /* PBXTargetDependency */,
			);
			name = "AcmeMobile-iOSTests";
			productName = "AcmeMobile-iOSTests";
			productReference = 8B6603E629DD8EAF0072A923 /* AcmeMobile-iOSTests.xctest */;
			productType = "com.apple.product-type.bundle.unit-test";
		};
		8B6603EF29DD8EAF0072A923 /* AcmeMobile-iOSUITests */ = {
			isa = PBXNativeTarget;
			buildConfigurationList = 8B66040029DD8EAF0072A923 /* Build configuration list for PBXNativeTarget "AcmeMobile-iOSUITests" */;
			buildPhases = (
				8B6603EC29DD8EAF0072A923 /* Sources */,
				8B6603ED29DD8EAF0072A923 /* Frameworks */,
				8B6603EE29DD8EAF0072A923 /* Resources */,
			);
			buildRules = (
			);
			dependencies = (
				8B6603F229DD8EAF0072A923 /* PBXTargetDependency */,
			);
			name = "AcmeMobile-iOSUITests";
			productName = "AcmeMobile-iOSUITests";
			productReference = 8B6603F029DD8EAF0072A923 /* AcmeMobile-iOSUITests.xctest */;
			productType = "com.apple.product-type.bundle.ui-testing";
		};
/* End PBXNativeTarget section */

/* Begin PBXProject section */
		8B6603CE29DD8EAB0072A923 /* Project object */ = {
			isa = PBXProject;
			attributes = {
				BuildIndependentTargetsInParallel = 1;
				LastSwiftUpdateCheck = 1430;
				LastUpgradeCheck = 1430;
				TargetAttributes = {
					8B6603D529DD8EAB0072A923 = {
						CreatedOnToolsVersion = 14.3;
					};
					8B6603E529DD8EAF0072A923 = {
						CreatedOnToolsVersion = 14.3;
						TestTargetID = 8B6603D529DD8EAB0072A923;
					};
					8B6603EF29DD8EAF0072A923 = {
						CreatedOnToolsVersion = 14.3;
						TestTargetID = 8B6603D529DD8EAB0072A923;
					};
				};
			};
			buildConfigurationList = 8B6603D129DD8EAB0072A923 /* Build configuration list for PBXProject "AcmeMobile-iOS" */;
			compatibilityVersion = "Xcode 14.0";
			developmentRegion = en;
			hasScannedForEncodings = 0;
			knownRegions = (
				en,
				Base,
			);
			mainGroup = 8B6603CD29DD8EAB0072A923;
			productRefGroup = 8B6603D729DD8EAB0072A923 /* Products */;
			projectDirPath = "";
			projectRoot = "";
			targets = (
				8B6603D529DD8EAB0072A923 /* AcmeMobile-iOS */,
				8B6603E529DD8EAF0072A923 /* AcmeMobile-iOSTests */,
				8B6603EF29DD8EAF0072A923 /* AcmeMobile-iOSUITests */,
			);
		};
/* End PBXProject section */

/* Begin PBXResourcesBuildPhase section */
		8B6603D429DD8EAB0072A923 /* Resources */ = {
			isa = PBXResourcesBuildPhase;
			buildActionMask = 2147483647;
			files = (
				8B6603E129DD8EAE0072A923 /* Preview Assets.xcassets in Resources */,
				8B6603DE29DD8EAE0072A923 /* Assets.xcassets in Resources */,
			);
			runOnlyForDeploymentPostprocessing = 0;
		};
		8B6603E429DD8EAF0072A923 /* Resources */ = {
			isa = PBXResourcesBuildPhase;
			buildActionMask = 2147483647;
			files = (
			);
			runOnlyForDeploymentPostprocessing = 0;
		};
		8B6603EE29DD8EAF0072A923 /* Resources */ = {
			isa = PBXResourcesBuildPhase;
			buildActionMask = 2147483647;
			files = (
			);
			runOnlyForDeploymentPostprocessing = 0;
		};
/* End PBXResourcesBuildPhase section */

/* Begin PBXSourcesBuildPhase section */
		8B6603D229DD8EAB0072A923 /* Sources */ = {
			isa = PBXSourcesBuildPhase;
			buildActionMask = 2147483647;
			files = (
				8B6603DC29DD8EAB0072A923 /* ContentView.swift in Sources */,
				8B6603DA29DD8EAB0072A923 /* AcmeMobile_iOSApp.swift in Sources */,
			);
			runOnlyForDeploymentPostprocessing = 0;
		};
		8B6603E229DD8EAF0072A923 /* Sources */ = {
			isa = PBXSourcesBuildPhase;
			buildActionMask = 2147483647;
			files = (
				8B6603EB29DD8EAF0072A923 /* AcmeMobile_iOSTests.swift in Sources */,
			);
			runOnlyForDeploymentPostprocessing = 0;
		};
		8B6603EC29DD8EAF0072A923 /* Sources */ = {
			isa = PBXSourcesBuildPhase;
			buildActionMask = 2147483647;
			files = (
				8B6603F729DD8EAF0072A923 /* AcmeMobile_iOSUITestsLaunchTests.swift in Sources */,
				8B6603F529DD8EAF0072A923 /* AcmeMobile_iOSUITests.swift in Sources */,
			);
			runOnlyForDeploymentPostprocessing = 0;
		};
/* End PBXSourcesBuildPhase section */

/* Begin PBXTargetDependency section */
		8B6603E829DD8EAF0072A923 /* PBXTargetDependency */ = {
			isa = PBXTargetDependency;
			target = 8B6603D529DD8EAB0072A923 /* AcmeMobile-iOS */;
			targetProxy = 8B6603E729DD8EAF0072A923 /* PBXContainerItemProxy */;
		};
		8B6603F229DD8EAF0072A923 /* PBXTargetDependency */ = {
			isa = PBXTargetDependency;
			target = 8B6603D529DD8EAB0072A923 /* AcmeMobile-iOS */;
			targetProxy = 8B6603F129DD8EAF0072A923 /* PBXContainerItemProxy */;
		};
/* End PBXTargetDependency section */

/* Begin XCBuildConfiguration section */
		8B6603F829DD8EAF0072A923 /* Debug */ = {
			isa = XCBuildConfiguration;
			buildSettings = {
				ALWAYS_SEARCH_USER_PATHS = NO;
				CLANG_ANALYZER_NONNULL = YES;
				CLANG_ANALYZER_NUMBER_OBJECT_CONVERSION = YES_AGGRESSIVE;
				CLANG_CXX_LANGUAGE_STANDARD = "gnu++20";
				CLANG_ENABLE_MODULES = YES;
				CLANG_ENABLE_OBJC_ARC = YES;
				CLANG_ENABLE_OBJC_WEAK = YES;
				CLANG_WARN_BLOCK_CAPTURE_AUTORELEASING = YES;
				CLANG_WARN_BOOL_CONVERSION = YES;
				CLANG_WARN_COMMA = YES;
				CLANG_WARN_CONSTANT_CONVERSION = YES;
				CLANG_WARN_DEPRECATED_OBJC_IMPLEMENTATIONS = YES;
				CLANG_WARN_DIRECT_OBJC_ISA_USAGE = YES_ERROR;
				CLANG_WARN_DOCUMENTATION_COMMENTS = YES;
				CLANG_WARN_EMPTY_BODY = YES;
				CLANG_WARN_ENUM_CONVERSION = YES;
				CLANG_WARN_INFINITE_RECURSION = YES;
				CLANG_WARN_INT_CONVERSION = YES;
				CLANG_WARN_NON_LITERAL_NULL_CONVERSION = YES;
				CLANG_WARN_OBJC_IMPLICIT_RETAIN_SELF = YES;
				CLANG_WARN_OBJC_LITERAL_CONVERSION = YES;
				CLANG_WARN_OBJC_ROOT_CLASS = YES_ERROR;
				CLANG_WARN_QUOTED_INCLUDE_IN_FRAMEWORK_HEADER = YES;
				CLANG_WARN_RANGE_LOOP_ANALYSIS = YES;
				CLANG_WARN_STRICT_PROTOTYPES = YES;
				CLANG_WARN_SUSPICIOUS_MOVE = YES;
				CLANG_WARN_UNGUARDED_AVAILABILITY = YES_AGGRESSIVE;
				CLANG_WARN_UNREACHABLE_CODE = YES;
				CLANG_WARN__DUPLICATE_METHOD_MATCH = YES;
				COPY_PHASE_STRIP = NO;
				DEBUG_INFORMATION_FORMAT = dwarf;
				ENABLE_STRICT_OBJC_MSGSEND = YES;
				ENABLE_TESTABILITY = YES;
				GCC_C_LANGUAGE_STANDARD = gnu11;
				GCC_DYNAMIC_NO_PIC = NO;
				GCC_NO_COMMON_BLOCKS = YES;
				GCC_OPTIMIZATION_LEVEL = 0;
				GCC_PREPROCESSOR_DEFINITIONS = (
					"DEBUG=1",
					"$(inherited)",
				);
				GCC_WARN_64_TO_32_BIT_CONVERSION = YES;
				GCC_WARN_ABOUT_RETURN_TYPE = YES_ERROR;
				GCC_WARN_UNDECLARED_SELECTOR = YES;
				GCC_WARN_UNINITIALIZED_AUTOS = YES_AGGRESSIVE;
				GCC_WARN_UNUSED_FUNCTION = YES;
				GCC_WARN_UNUSED_VARIABLE = YES;
				IPHONEOS_DEPLOYMENT_TARGET = 16.4;
				MTL_ENABLE_DEBUG_INFO = INCLUDE_SOURCE;
				MTL_FAST_MATH = YES;
				ONLY_ACTIVE_ARCH = YES;
				SDKROOT = iphoneos;
				SWIFT_ACTIVE_COMPILATION_CONDITIONS = DEBUG;
				SWIFT_OPTIMIZATION_LEVEL = "-Onone";
			};
			name = Debug;
		};
		8B6603F929DD8EAF0072A923 /* Release */ = {
			isa = XCBuildConfiguration;
			buildSettings = {
				ALWAYS_SEARCH_USER_PATHS = NO;
				CLANG_ANALYZER_NONNULL = YES;
				CLANG_ANALYZER_NUMBER_OBJECT_CONVERSION = YES_AGGRESSIVE;
				CLANG_CXX_LANGUAGE_STANDARD = "gnu++20";
				CLANG_ENABLE_MODULES = YES;
				CLANG_ENABLE_OBJC_ARC = YES;
				CLANG_ENABLE_OBJC_WEAK = YES;
				CLANG_WARN_BLOCK_CAPTURE_AUTORELEASING = YES;
				CLANG_WARN_BOOL_CONVERSION = YES;
				CLANG_WARN_COMMA = YES;
				CLANG_WARN_CONSTANT_CONVERSION = YES;
				CLANG_WARN_DEPRECATED_OBJC_IMPLEMENTATIONS = YES;
				CLANG_WARN_DIRECT_OBJC_ISA_USAGE = YES_ERROR;
				CLANG_WARN_DOCUMENTATION_COMMENTS = YES;
				CLANG_WARN_EMPTY_BODY = YES;
				CLANG_WARN_ENUM_CONVERSION = YES;
				CLANG_WARN_INFINITE_RECURSION = YES;
				CLANG_WARN_INT_CONVERSION = YES;
				CLANG_WARN_NON_LITERAL_NULL_CONVERSION = YES;
				CLANG_WARN_OBJC_IMPLICIT_RETAIN_SELF = YES;
				CLANG_WARN_OBJC_LITERAL_CONVERSION = YES;
				CLANG_WARN_OBJC_ROOT_CLASS = YES_ERROR;
				CLANG_WARN_QUOTED_INCLUDE_IN_FRAMEWORK_HEADER = YES;
				CLANG_WARN_RANGE_LOOP_ANALYSIS = YES;
				CLANG_WARN_STRICT_PROTOTYPES = YES;
				CLANG_WARN_SUSPICIOUS_MOVE = YES;
				CLANG_WARN_UNGUARDED_AVAILABILITY = YES_AGGRESSIVE;
				CLANG_WARN_UNREACHABLE_CODE = YES;
				CLANG_WARN__DUPLICATE_METHOD_MATCH = YES;
				COPY_PHASE_STRIP = NO;
				DEBUG_INFORMATION_FORMAT = "dwarf-with-dsym";
				ENABLE_NS_ASSERTIONS = NO;
				ENABLE_STRICT_OBJC_MSGSEND = YES;
				GCC_C_LANGUAGE_STANDARD = gnu11;
				GCC_NO_COMMON_BLOCKS = YES;
				GCC_WARN_64_TO_32_BIT_CONVERSION = YES;
				GCC_WARN_ABOUT_RETURN_TYPE = YES_ERROR;
				GCC_WARN_UNDECLARED_SELECTOR = YES;
				GCC_WARN_UNINITIALIZED_AUTOS = YES_AGGRESSIVE;
				GCC_WARN_UNUSED_FUNCTION = YES;
				GCC_WARN_UNUSED_VARIABLE = YES;
				IPHONEOS_DEPLOYMENT_TARGET = 16.4;
				MTL_ENABLE_DEBUG_INFO = NO;
				MTL_FAST_MATH = YES;
				SDKROOT = iphoneos;
				SWIFT_COMPILATION_MODE = wholemodule;
				SWIFT_OPTIMIZATION_LEVEL = "-O";
				VALIDATE_PRODUCT = YES;
			};
			name = Release;
		};
		8B6603FB29DD8EAF0072A923 /* Debug */ = {
			isa = XCBuildConfiguration;
			buildSettings = {
				ASSETCATALOG_COMPILER_APPICON_NAME = AppIcon;
				ASSETCATALOG_COMPILER_GLOBAL_ACCENT_COLOR_NAME = AccentColor;
				CODE_SIGN_STYLE = Automatic;
				CURRENT_PROJECT_VERSION = 1;
				DEVELOPMENT_ASSET_PATHS = "\"AcmeMobile-iOS/Preview Content\"";
				DEVELOPMENT_TEAM = 3D9X24RFPZ;
				ENABLE_PREVIEWS = YES;
				GENERATE_INFOPLIST_FILE = YES;
				INFOPLIST_KEY_UIApplicationSceneManifest_Generation = YES;
				INFOPLIST_KEY_UIApplicationSupportsIndirectInputEvents = YES;
				INFOPLIST_KEY_UILaunchScreen_Generation = YES;
				INFOPLIST_KEY_UISupportedInterfaceOrientations_iPad = "UIInterfaceOrientationPortrait UIInterfaceOrientationPortraitUpsideDown UIInterfaceOrientationLandscapeLeft UIInterfaceOrientationLandscapeRight";
				INFOPLIST_KEY_UISupportedInterfaceOrientations_iPhone = "UIInterfaceOrientationPortrait UIInterfaceOrientationLandscapeLeft UIInterfaceOrientationLandscapeRight";
				LD_RUNPATH_SEARCH_PATHS = (
					"$(inherited)",
					"@executable_path/Frameworks",
				);
				MARKETING_VERSION = 1.0;
				PRODUCT_BUNDLE_IDENTIFIER = "deyan.AcmeMobile-iOS";
				PRODUCT_NAME = "$(TARGET_NAME)";
				SWIFT_EMIT_LOC_STRINGS = YES;
				SWIFT_VERSION = 5.0;
				TARGETED_DEVICE_FAMILY = "1,2";
			};
			name = Debug;
		};
		8B6603FC29DD8EAF0072A923 /* Release */ = {
			isa = XCBuildConfiguration;
			buildSettings = {
				ASSETCATALOG_COMPILER_APPICON_NAME = AppIcon;
				ASSETCATALOG_COMPILER_GLOBAL_ACCENT_COLOR_NAME = AccentColor;
				CODE_SIGN_STYLE = Automatic;
				CURRENT_PROJECT_VERSION = 1;
				DEVELOPMENT_ASSET_PATHS = "\"AcmeMobile-iOS/Preview Content\"";
				DEVELOPMENT_TEAM = 3D9X24RFPZ;
				ENABLE_PREVIEWS = YES;
				GENERATE_INFOPLIST_FILE = YES;
				INFOPLIST_KEY_UIApplicationSceneManifest_Generation = YES;
				INFOPLIST_KEY_UIApplicationSupportsIndirectInputEvents = YES;
				INFOPLIST_KEY_UILaunchScreen_Generation = YES;
				INFOPLIST_KEY_UISupportedInterfaceOrientations_iPad = "UIInterfaceOrientationPortrait UIInterfaceOrientationPortraitUpsideDown UIInterfaceOrientationLandscapeLeft UIInterfaceOrientationLandscapeRight";
				INFOPLIST_KEY_UISupportedInterfaceOrientations_iPhone = "UIInterfaceOrientationPortrait UIInterfaceOrientationLandscapeLeft UIInterfaceOrientationLandscapeRight";
				LD_RUNPATH_SEARCH_PATHS = (
					"$(inherited)",
					"@executable_path/Frameworks",
				);
				MARKETING_VERSION = 1.0;
				PRODUCT_BUNDLE_IDENTIFIER = "deyan.AcmeMobile-iOS";
				PRODUCT_NAME = "$(TARGET_NAME)";
				SWIFT_EMIT_LOC_STRINGS = YES;
				SWIFT_VERSION = 5.0;
				TARGETED_DEVICE_FAMILY = "1,2";
			};
			name = Release;
		};
		8B6603FE29DD8EAF0072A923 /* Debug */ = {
			isa = XCBuildConfiguration;
			buildSettings = {
				ALWAYS_EMBED_SWIFT_STANDARD_LIBRARIES = YES;
				BUNDLE_LOADER = "$(TEST_HOST)";
				CODE_SIGN_STYLE = Automatic;
				CURRENT_PROJECT_VERSION = 1;
				DEVELOPMENT_TEAM = 3D9X24RFPZ;
				GENERATE_INFOPLIST_FILE = YES;
				IPHONEOS_DEPLOYMENT_TARGET = 16.4;
				MARKETING_VERSION = 1.0;
				PRODUCT_BUNDLE_IDENTIFIER = "deyan.AcmeMobile-iOSTests";
				PRODUCT_NAME = "$(TARGET_NAME)";
				SWIFT_EMIT_LOC_STRINGS = NO;
				SWIFT_VERSION = 5.0;
				TARGETED_DEVICE_FAMILY = "1,2";
				TEST_HOST = "$(BUILT_PRODUCTS_DIR)/AcmeMobile-iOS.app/$(BUNDLE_EXECUTABLE_FOLDER_PATH)/AcmeMobile-iOS";
			};
			name = Debug;
		};
		8B6603FF29DD8EAF0072A923 /* Release */ = {
			isa = XCBuildConfiguration;
			buildSettings = {
				ALWAYS_EMBED_SWIFT_STANDARD_LIBRARIES = YES;
				BUNDLE_LOADER = "$(TEST_HOST)";
				CODE_SIGN_STYLE = Automatic;
				CURRENT_PROJECT_VERSION = 1;
				DEVELOPMENT_TEAM = 3D9X24RFPZ;
				GENERATE_INFOPLIST_FILE = YES;
				IPHONEOS_DEPLOYMENT_TARGET = 16.4;
				MARKETING_VERSION = 1.0;
				PRODUCT_BUNDLE_IDENTIFIER = "deyan.AcmeMobile-iOSTests";
				PRODUCT_NAME = "$(TARGET_NAME)";
				SWIFT_EMIT_LOC_STRINGS = NO;
				SWIFT_VERSION = 5.0;
				TARGETED_DEVICE_FAMILY = "1,2";
				TEST_HOST = "$(BUILT_PRODUCTS_DIR)/AcmeMobile-iOS.app/$(BUNDLE_EXECUTABLE_FOLDER_PATH)/AcmeMobile-iOS";
			};
			name = Release;
		};
		8B66040129DD8EAF0072A923 /* Debug */ = {
			isa = XCBuildConfiguration;
			buildSettings = {
				ALWAYS_EMBED_SWIFT_STANDARD_LIBRARIES = YES;
				CODE_SIGN_STYLE = Automatic;
				CURRENT_PROJECT_VERSION = 1;
				DEVELOPMENT_TEAM = 3D9X24RFPZ;
				GENERATE_INFOPLIST_FILE = YES;
				MARKETING_VERSION = 1.0;
				PRODUCT_BUNDLE_IDENTIFIER = "deyan.AcmeMobile-iOSUITests";
				PRODUCT_NAME = "$(TARGET_NAME)";
				SWIFT_EMIT_LOC_STRINGS = NO;
				SWIFT_VERSION = 5.0;
				TARGETED_DEVICE_FAMILY = "1,2";
				TEST_TARGET_NAME = "AcmeMobile-iOS";
			};
			name = Debug;
		};
		8B66040229DD8EAF0072A923 /* Release */ = {
			isa = XCBuildConfiguration;
			buildSettings = {
				ALWAYS_EMBED_SWIFT_STANDARD_LIBRARIES = YES;
				CODE_SIGN_STYLE = Automatic;
				CURRENT_PROJECT_VERSION = 1;
				DEVELOPMENT_TEAM = 3D9X24RFPZ;
				GENERATE_INFOPLIST_FILE = YES;
				MARKETING_VERSION = 1.0;
				PRODUCT_BUNDLE_IDENTIFIER = "deyan.AcmeMobile-iOSUITests";
				PRODUCT_NAME = "$(TARGET_NAME)";
				SWIFT_EMIT_LOC_STRINGS = NO;
				SWIFT_VERSION = 5.0;
				TARGETED_DEVICE_FAMILY = "1,2";
				TEST_TARGET_NAME = "AcmeMobile-iOS";
			};
			name = Release;
		};
/* End XCBuildConfiguration section */

/* Begin XCConfigurationList section */
		8B6603D129DD8EAB0072A923 /* Build configuration list for PBXProject "AcmeMobile-iOS" */ = {
			isa = XCConfigurationList;
			buildConfigurations = (
				8B6603F829DD8EAF0072A923 /* Debug */,
				8B6603F929DD8EAF0072A923 /* Release */,
			);
			defaultConfigurationIsVisible = 0;
			defaultConfigurationName = Release;
		};
		8B6603FA29DD8EAF0072A923 /* Build configuration list for PBXNativeTarget "AcmeMobile-iOS" */ = {
			isa = XCConfigurationList;
			buildConfigurations = (
				8B6603FB29DD8EAF0072A923 /* Debug */,
				8B6603FC29DD8EAF0072A923 /* Release */,
			);
			defaultConfigurationIsVisible = 0;
			defaultConfigurationName = Release;
		};
		8B6603FD29DD8EAF0072A923 /* Build configuration list for PBXNativeTarget "AcmeMobile-iOSTests" */ = {
			isa = XCConfigurationList;
			buildConfigurations = (
				8B6603FE29DD8EAF0072A923 /* Debug */,
				8B6603FF29DD8EAF0072A923 /* Release */,
			);
			defaultConfigurationIsVisible = 0;
			defaultConfigurationName = Release;
		};
		8B66040029DD8EAF0072A923 /* Build configuration list for PBXNativeTarget "AcmeMobile-iOSUITests" */ = {
			isa = XCConfigurationList;
			buildConfigurations = (
				8B66040129DD8EAF0072A923 /* Debug */,
				8B66040229DD8EAF0072A923 /* Release */,
			);
			defaultConfigurationIsVisible = 0;
			defaultConfigurationName = Release;
		};
/* End XCConfigurationList section */
	};
	rootObject = 8B6603CE29DD8EAB0072A923 /* Project object */;
}
